
Microsoft Visual Studio Solution File, Format Version 12.00
# Visual Studio Version 18
VisualStudioVersion = 18.6.11806.211
MinimumVisualStudioVersion = 10.0.40219.1
Project("{2150E333-8FDC-42A3-9474-1A3956D46DE8}") = "src", "src", "{827E0CD3-B72D-47B6-A68D-7590B98EB39B}"
EndProject
Project("{FAE04EC0-301F-11D3-BF4B-00C04F79EFBC}") = "OrderHub.Web", "src\OrderHub.Web\OrderHub.Web.csproj", "{9A1E775D-AFE9-4A4D-9F1D-10345563999A}"
EndProject
Project("{FAE04EC0-301F-11D3-BF4B-00C04F79EFBC}") = "OrderHub.Core", "src\OrderHub.Core\OrderHub.Core.csproj", "{84388EE0-81DF-40C2-A032-280636D31C5B}"
EndProject
Project("{FAE04EC0-301F-11D3-BF4B-00C04F79EFBC}") = "OrderHub.Infrastructure", "src\OrderHub.Infrastructure\OrderHub.Infrastructure.csproj", "{4BB08209-5814-4DEF-B1DA-741747EA4DDA}"
EndProject
Project("{2150E333-8FDC-42A3-9474-1A3956D46DE8}") = "tests", "tests", "{0AB3BF05-4346-4AA6-1389-037BE0695223}"
EndProject
Project("{FAE04EC0-301F-11D3-BF4B-00C04F79EFBC}") = "OrderHub.Tests", "tests\OrderHub.Tests\OrderHub.Tests.csproj", "{B60FF2FE-755A-4F05-9560-AD0C131E3D81}"
EndProject
Project("{FAE04EC0-301F-11D3-BF4B-00C04F79EFBC}") = "OrderHub.Mcp", "src\OrderHub.Mcp\OrderHub.Mcp.csproj", "{37F86211-4F51-41D4-B0B2-529CCDC35CD0}"
EndProject
Global
	GlobalSection(SolutionConfigurationPlatforms) = preSolution
		Debug|Any CPU = Debug|Any CPU
		Debug|x64 = Debug|x64
		Debug|x86 = Debug|x86
		Release|Any CPU = Release|Any CPU
		Release|x64 = Release|x64
		Release|x86 = Release|x86
	EndGlobalSection
	GlobalSection(ProjectConfigurationPlatforms) = postSolution
		{9A1E775D-AFE9-4A4D-9F1D-10345563999A}.Debug|Any CPU.ActiveCfg = Debug|Any CPU
		{9A1E775D-AFE9-4A4D-9F1D-10345563999A}.Debug|Any CPU.Build.0 = Debug|Any CPU
		{9A1E775D-AFE9-4A4D-9F1D-10345563999A}.Debug|x64.ActiveCfg = Debug|Any CPU
		{9A1E775D-AFE9-4A4D-9F1D-10345563999A}.Debug|x64.Build.0 = Debug|Any CPU
		{9A1E775D-AFE9-4A4D-9F1D-10345563999A}.Debug|x86.ActiveCfg = Debug|Any CPU
		{9A1E775D-AFE9-4A4D-9F1D-10345563999A}.Debug|x86.Build.0 = Debug|Any CPU
		{9A1E775D-AFE9-4A4D-9F1D-10345563999A}.Release|Any CPU.ActiveCfg = Release|Any CPU
		{9A1E775D-AFE9-4A4D-9F1D-10345563999A}.Release|Any CPU.Build.0 = Release|Any CPU
		{9A1E775D-AFE9-4A4D-9F1D-10345563999A}.Release|x64.ActiveCfg = Release|Any CPU
		{9A1E775D-AFE9-4A4D-9F1D-10345563999A}.Release|x64.Build.0 = Release|Any CPU
		{9A1E775D-AFE9-4A4D-9F1D-10345563999A}.Release|x86.ActiveCfg = Release|Any CPU
		{9A1E775D-AFE9-4A4D-9F1D-10345563999A}.Release|x86.Build.0 = Release|Any CPU
		{84388EE0-81DF-40C2-A032-280636D31C5B}.Debug|Any CPU.ActiveCfg = Debug|Any CPU
		{84388EE0-81DF-40C2-A032-280636D31C5B}.Debug|Any CPU.Build.0 = Debug|Any CPU
		{84388EE0-81DF-40C2-A032-280636D31C5B}.Debug|x64.ActiveCfg = Debug|Any CPU
		{84388EE0-81DF-40C2-A032-280636D31C5B}.Debug|x64.Build.0 = Debug|Any CPU
		{84388EE0-81DF-40C2-A032-280636D31C5B}.Debug|x86.ActiveCfg = Debug|Any CPU
		{84388EE0-81DF-40C2-A032-280636D31C5B}.Debug|x86.Build.0 = Debug|Any CPU
		{84388EE0-81DF-40C2-A032-280636D31C5B}.Release|Any CPU.ActiveCfg = Release|Any CPU
		{84388EE0-81DF-40C2-A032-280636D31C5B}.Release|Any CPU.Build.0 = Release|Any CPU
		{84388EE0-81DF-40C2-A032-280636D31C5B}.Release|x64.ActiveCfg = Release|Any CPU
		{84388EE0-81DF-40C2-A032-280636D31C5B}.Release|x64.Build.0 = Release|Any CPU
		{84388EE0-81DF-40C2-A032-280636D31C5B}.Release|x86.ActiveCfg = Release|Any CPU
		{84388EE0-81DF-40C2-A032-280636D31C5B}.Release|x86.Build.0 = Release|Any CPU
		{4BB08209-5814-4DEF-B1DA-741747EA4DDA}.Debug|Any CPU.ActiveCfg = Debug|Any CPU
		{4BB08209-5814-4DEF-B1DA-741747EA4DDA}.Debug|Any CPU.Build.0 = Debug|Any CPU
		{4BB08209-5814-4DEF-B1DA-741747EA4DDA}.Debug|x64.ActiveCfg = Debug|Any CPU
		{4BB08209-5814-4DEF-B1DA-741747EA4DDA}.Debug|x64.Build.0 = Debug|Any CPU
		{4BB08209-5814-4DEF-B1DA-741747EA4DDA}.Debug|x86.ActiveCfg = Debug|Any CPU
		{4BB08209-5814-4DEF-B1DA-741747EA4DDA}.Debug|x86.Build.0 = Debug|Any CPU
		{4BB08209-5814-4DEF-B1DA-741747EA4DDA}.Release|Any CPU.ActiveCfg = Release|Any CPU
		{4BB08209-5814-4DEF-B1DA-741747EA4DDA}.Release|Any CPU.Build.0 = Release|Any CPU
		{4BB08209-5814-4DEF-B1DA-741747EA4DDA}.Release|x64.ActiveCfg = Release|Any CPU
		{4BB08209-5814-4DEF-B1DA-741747EA4DDA}.Release|x64.Build.0 = Release|Any CPU
		{4BB08209-5814-4DEF-B1DA-741747EA4DDA}.Release|x86.ActiveCfg = Release|Any CPU
		{4BB08209-5814-4DEF-B1DA-741747EA4DDA}.Release|x86.Build.0 = Release|Any CPU
		{B60FF2FE-755A-4F05-9560-AD0C131E3D81}.Debug|Any CPU.ActiveCfg = Debug|Any CPU
		{B60FF2FE-755A-4F05-9560-AD0C131E3D81}.Debug|Any CPU.Build.0 = Debug|Any CPU
		{B60FF2FE-755A-4F05-9560-AD0C131E3D81}.Debug|x64.ActiveCfg = Debug|Any CPU
		{B60FF2FE-755A-4F05-9560-AD0C131E3D81}.Debug|x64.Build.0 = Debug|Any CPU
		{B60FF2FE-755A-4F05-9560-AD0C131E3D81}.Debug|x86.ActiveCfg = Debug|Any CPU
		{B60FF2FE-755A-4F05-9560-AD0C131E3D81}.Debug|x86.Build.0 = Debug|Any CPU
		{B60FF2FE-755A-4F05-9560-AD0C131E3D81}.Release|Any CPU.ActiveCfg = Release|Any CPU
		{B60FF2FE-755A-4F05-9560-AD0C131E3D81}.Release|Any CPU.Build.0 = Release|Any CPU
		{B60FF2FE-755A-4F05-9560-AD0C131E3D81}.Release|x64.ActiveCfg = Release|Any CPU
		{B60FF2FE-755A-4F05-9560-AD0C131E3D81}.Release|x64.Build.0 = Release|Any CPU
		{B60FF2FE-755A-4F05-9560-AD0C131E3D81}.Release|x86.ActiveCfg = Release|Any CPU
		{B60FF2FE-755A-4F05-9560-AD0C131E3D81}.Release|x86.Build.0 = Release|Any CPU
		{37F86211-4F51-41D4-B0B2-529CCDC35CD0}.Debug|Any CPU.ActiveCfg = Debug|Any CPU
		{37F86211-4F51-41D4-B0B2-529CCDC35CD0}.Debug|Any CPU.Build.0 = Debug|Any CPU
		{37F86211-4F51-41D4-B0B2-529CCDC35CD0}.Debug|x64.ActiveCfg = Debug|Any CPU
		{37F86211-4F51-41D4-B0B2-529CCDC35CD0}.Debug|x64.Build.0 = Debug|Any CPU
		{37F86211-4F51-41D4-B0B2-529CCDC35CD0}.Debug|x86.ActiveCfg = Debug|Any CPU
		{37F86211-4F51-41D4-B0B2-529CCDC35CD0}.Debug|x86.Build.0 = Debug|Any CPU
		{37F86211-4F51-41D4-B0B2-529CCDC35CD0}.Release|Any CPU.ActiveCfg = Release|Any CPU
		{37F86211-4F51-41D4-B0B2-529CCDC35CD0}.Release|Any CPU.Build.0 = Release|Any CPU
		{37F86211-4F51-41D4-B0B2-529CCDC35CD0}.Release|x64.ActiveCfg = Release|Any CPU
		{37F86211-4F51-41D4-B0B2-529CCDC35CD0}.Release|x64.Build.0 = Release|Any CPU
		{37F86211-4F51-41D4-B0B2-529CCDC35CD0}.Release|x86.ActiveCfg = Release|Any CPU
		{37F86211-4F51-41D4-B0B2-529CCDC35CD0}.Release|x86.Build.0 = Release|Any CPU
	EndGlobalSection
	GlobalSection(SolutionProperties) = preSolution
		HideSolutionNode = FALSE
	EndGlobalSection
	GlobalSection(NestedProjects) = preSolution
		{9A1E775D-AFE9-4A4D-9F1D-10345563999A} = {827E0CD3-B72D-47B6-A68D-7590B98EB39B}
		{84388EE0-81DF-40C2-A032-280636D31C5B} = {827E0CD3-B72D-47B6-A68D-7590B98EB39B}
		{4BB08209-5814-4DEF-B1DA-741747EA4DDA} = {827E0CD3-B72D-47B6-A68D-7590B98EB39B}
		{B60FF2FE-755A-4F05-9560-AD0C131E3D81} = {0AB3BF05-4346-4AA6-1389-037BE0695223}
		{37F86211-4F51-41D4-B0B2-529CCDC35CD0} = {827E0CD3-B72D-47B6-A68D-7590B98EB39B}
	EndGlobalSection
	GlobalSection(ExtensibilityGlobals) = postSolution
		SolutionGuid = {C8C8D9A2-25FD-4042-A08A-862B880EAF62}
	EndGlobalSection
EndGlobal
